
Microsoft Visual Studio Solution File, Format Version 12.00
# Visual Studio Version 17
VisualStudioVersion = 17.9.34622.214
MinimumVisualStudioVersion = 10.0.40219.1
Project("{2150E333-8FDC-42A3-9474-1A3956D46DE8}") = "Services", "Services", "{76434688-7B10-47FF-8DA0-9F2C047B9C18}"
EndProject
Project("{2150E333-8FDC-42A3-9474-1A3956D46DE8}") = "Catalog", "Catalog", "{0DCFA09F-210A-45FF-A25C-D49AFD192C7F}"
EndProject
Project("{9A19103F-16F7-4668-BE54-9A1E7A4F7556}") = "Catalog.API", "Services\Catalog\Catalog.API\Catalog.API.csproj", "{1EF652B7-69FB-4516-89F7-C41B643E2B27}"
EndProject
Project("{2150E333-8FDC-42A3-9474-1A3956D46DE8}") = "BuildingBlocks", "BuildingBlocks", "{34EE89C0-B433-4CE7-BC69-2CC87F20E3B5}"
EndProject
Project("{9A19103F-16F7-4668-BE54-9A1E7A4F7556}") = "BuildingBlocks", "BuildingBlocks\BuildingBlocks\BuildingBlocks.csproj", "{FD9F5310-2750-4092-B703-36107B32FD8D}"
EndProject
Project("{E53339B2-1760-4266-BCC7-CA923CBCF16C}") = "docker-compose", "docker-compose.dcproj", "{FD618C05-F8C7-4109-B0BB-8F76DF191F39}"
EndProject
Project("{2150E333-8FDC-42A3-9474-1A3956D46DE8}") = "Basket", "Basket", "{DB9612A0-6710-4407-BF0A-1604376880D1}"
EndProject
Project("{9A19103F-16F7-4668-BE54-9A1E7A4F7556}") = "Basket.API", "Services\Basket\Basket.API\Basket.API.csproj", "{D4E96E8C-B7C6-4065-B5B3-1DC9075C9AED}"
EndProject
Project("{2150E333-8FDC-42A3-9474-1A3956D46DE8}") = "Discount", "Discount", "{FF062F6C-553B-4AB1-B550-9172A352A852}"
EndProject
Project("{9A19103F-16F7-4668-BE54-9A1E7A4F7556}") = "Discount.Grpc", "Services\Discount\Discount.Grpc\Discount.Grpc.csproj", "{09661D7D-625C-41CC-AE53-14ADD7316D82}"
EndProject
Project("{2150E333-8FDC-42A3-9474-1A3956D46DE8}") = "Ordering", "Ordering", "{CC6F7AC7-8900-4A36-9CB7-D26F4D95840C}"
EndProject
Project("{FAE04EC0-301F-11D3-BF4B-00C04F79EFBC}") = "Ordering.API", "Services\Ordering\Ordering.API\Ordering.API.csproj", "{AE8CF22F-9ADA-4A08-B98B-5CE788F71D27}"
EndProject
Project("{FAE04EC0-301F-11D3-BF4B-00C04F79EFBC}") = "Ordering.Domain", "Services\Ordering\Ordering.Domain\Ordering.Domain.csproj", "{1700F7AF-E96A-40EB-B0EF-32307437CCD0}"
EndProject
Project("{FAE04EC0-301F-11D3-BF4B-00C04F79EFBC}") = "Ordering.Application", "Services\Ordering\Ordering.Application\Ordering.Application.csproj", "{6B9BC656-5EFF-4FF5-93CB-88726F321A9D}"
EndProject
Project("{FAE04EC0-301F-11D3-BF4B-00C04F79EFBC}") = "Ordering.Infrastructure", "Services\Ordering\Ordering.Infrastructure\Ordering.Infrastructure.csproj", "{88CD5F8E-7F33-49E1-9B92-2A3A358CC06F}"
EndProject
Global
	GlobalSection(SolutionConfigurationPlatforms) = preSolution
		Debug|Any CPU = Debug|Any CPU
		Release|Any CPU = Release|Any CPU
	EndGlobalSection
	GlobalSection(ProjectConfigurationPlatforms) = postSolution
		{1EF652B7-69FB-4516-89F7-C41B643E2B27}.Debug|Any CPU.ActiveCfg = Debug|Any CPU
		{1EF652B7-69FB-4516-89F7-C41B643E2B27}.Debug|Any CPU.Build.0 = Debug|Any CPU
		{1EF652B7-69FB-4516-89F7-C41B643E2B27}.Release|Any CPU.ActiveCfg = Release|Any CPU
		{1EF652B7-69FB-4516-89F7-C41B643E2B27}.Release|Any CPU.Build.0 = Release|Any CPU
		{FD9F5310-2750-4092-B703-36107B32FD8D}.Debug|Any CPU.ActiveCfg = Debug|Any CPU
		{FD9F5310-2750-4092-B703-36107B32FD8D}.Debug|Any CPU.Build.0 = Debug|Any CPU
		{FD9F5310-2750-4092-B703-36107B32FD8D}.Release|Any CPU.ActiveCfg = Release|Any CPU
		{FD9F5310-2750-4092-B703-36107B32FD8D}.Release|Any CPU.Build.0 = Release|Any CPU
		{FD618C05-F8C7-4109-B0BB-8F76DF191F39}.Debug|Any CPU.ActiveCfg = Debug|Any CPU
		{FD618C05-F8C7-4109-B0BB-8F76DF191F39}.Debug|Any CPU.Build.0 = Debug|Any CPU
		{FD618C05-F8C7-4109-B0BB-8F76DF191F39}.Release|Any CPU.ActiveCfg = Release|Any CPU
		{FD618C05-F8C7-4109-B0BB-8F76DF191F39}.Release|Any CPU.Build.0 = Release|Any CPU
		{D4E96E8C-B7C6-4065-B5B3-1DC9075C9AED}.Debug|Any CPU.ActiveCfg = Debug|Any CPU
		{D4E96E8C-B7C6-4065-B5B3-1DC9075C9AED}.Debug|Any CPU.Build.0 = Debug|Any CPU
		{D4E96E8C-B7C6-4065-B5B3-1DC9075C9AED}.Release|Any CPU.ActiveCfg = Release|Any CPU
		{D4E96E8C-B7C6-4065-B5B3-1DC9075C9AED}.Release|Any CPU.Build.0 = Release|Any CPU
		{09661D7D-625C-41CC-AE53-14ADD7316D82}.Debug|Any CPU.ActiveCfg = Debug|Any CPU
		{09661D7D-625C-41CC-AE53-14ADD7316D82}.Debug|Any CPU.Build.0 = Debug|Any CPU
		{09661D7D-625C-41CC-AE53-14ADD7316D82}.Release|Any CPU.ActiveCfg = Release|Any CPU
		{09661D7D-625C-41CC-AE53-14ADD7316D82}.Release|Any CPU.Build.0 = Release|Any CPU
		{AE8CF22F-9ADA-4A08-B98B-5CE788F71D27}.Debug|Any CPU.ActiveCfg = Debug|Any CPU
		{AE8CF22F-9ADA-4A08-B98B-5CE788F71D27}.Debug|Any CPU.Build.0 = Debug|Any CPU
		{AE8CF22F-9ADA-4A08-B98B-5CE788F71D27}.Release|Any CPU.ActiveCfg = Release|Any CPU
		{AE8CF22F-9ADA-4A08-B98B-5CE788F71D27}.Release|Any CPU.Build.0 = Release|Any CPU
		{1700F7AF-E96A-40EB-B0EF-32307437CCD0}.Debug|Any CPU.ActiveCfg = Debug|Any CPU
		{1700F7AF-E96A-40EB-B0EF-32307437CCD0}.Debug|Any CPU.Build.0 = Debug|Any CPU
		{1700F7AF-E96A-40EB-B0EF-32307437CCD0}.Release|Any CPU.ActiveCfg = Release|Any CPU
		{1700F7AF-E96A-40EB-B0EF-32307437CCD0}.Release|Any CPU.Build.0 = Release|Any CPU
		{6B9BC656-5EFF-4FF5-93CB-88726F321A9D}.Debug|Any CPU.ActiveCfg = Debug|Any CPU
		{6B9BC656-5EFF-4FF5-93CB-88726F321A9D}.Debug|Any CPU.Build.0 = Debug|Any CPU
		{6B9BC656-5EFF-4FF5-93CB-88726F321A9D}.Release|Any CPU.ActiveCfg = Release|Any CPU
		{6B9BC656-5EFF-4FF5-93CB-88726F321A9D}.Release|Any CPU.Build.0 = Release|Any CPU
		{88CD5F8E-7F33-49E1-9B92-2A3A358CC06F}.Debug|Any CPU.ActiveCfg = Debug|Any CPU
		{88CD5F8E-7F33-49E1-9B92-2A3A358CC06F}.Debug|Any CPU.Build.0 = Debug|Any CPU
		{88CD5F8E-7F33-49E1-9B92-2A3A358CC06F}.Release|Any CPU.ActiveCfg = Release|Any CPU
		{88CD5F8E-7F33-49E1-9B92-2A3A358CC06F}.Release|Any CPU.Build.0 = Release|Any CPU
	EndGlobalSection
	GlobalSection(SolutionProperties) = preSolution
		HideSolutionNode = FALSE
	EndGlobalSection
	GlobalSection(NestedProjects) = preSolution
		{0DCFA09F-210A-45FF-A25C-D49AFD192C7F} = {76434688-7B10-47FF-8DA0-9F2C047B9C18}
		{1EF652B7-69FB-4516-89F7-C41B643E2B27} = {0DCFA09F-210A-45FF-A25C-D49AFD192C7F}
		{FD9F5310-2750-4092-B703-36107B32FD8D} = {34EE89C0-B433-4CE7-BC69-2CC87F20E3B5}
		{DB9612A0-6710-4407-BF0A-1604376880D1} = {76434688-7B10-47FF-8DA0-9F2C047B9C18}
		{D4E96E8C-B7C6-4065-B5B3-1DC9075C9AED} = {DB9612A0-6710-4407-BF0A-1604376880D1}
		{FF062F6C-553B-4AB1-B550-9172A352A852} = {76434688-7B10-47FF-8DA0-9F2C047B9C18}
		{09661D7D-625C-41CC-AE53-14ADD7316D82} = {FF062F6C-553B-4AB1-B550-9172A352A852}
		{CC6F7AC7-8900-4A36-9CB7-D26F4D95840C} = {76434688-7B10-47FF-8DA0-9F2C047B9C18}
		{AE8CF22F-9ADA-4A08-B98B-5CE788F71D27} = {CC6F7AC7-8900-4A36-9CB7-D26F4D95840C}
		{1700F7AF-E96A-40EB-B0EF-32307437CCD0} = {CC6F7AC7-8900-4A36-9CB7-D26F4D95840C}
		{6B9BC656-5EFF-4FF5-93CB-88726F321A9D} = {CC6F7AC7-8900-4A36-9CB7-D26F4D95840C}
		{88CD5F8E-7F33-49E1-9B92-2A3A358CC06F} = {CC6F7AC7-8900-4A36-9CB7-D26F4D95840C}
	EndGlobalSection
	GlobalSection(ExtensibilityGlobals) = postSolution
		SolutionGuid = {1690FFDD-4DB8-4524-A3B8-06344092E692}
	EndGlobalSection
EndGlobal
