
Microsoft Visual Studio Solution File, Format Version 12.00
# Visual Studio Version 17
VisualStudioVersion = 17.9.34622.214
MinimumVisualStudioVersion = 10.0.40219.1
Project("{2150E333-8FDC-42A3-9474-1A3956D46DE8}") = "Services", "Services", "{76434688-7B10-47FF-8DA0-9F2C047B9C18}"
EndProject
Project("{2150E333-8FDC-42A3-9474-1A3956D46DE8}") = "Catalog", "Catalog", "{0DCFA09F-210A-45FF-A25C-D49AFD192C7F}"
EndProject
Project("{9A19103F-16F7-4668-BE54-9A1E7A4F7556}") = "Catalog.API", "Services\Catalog\Catalog.API\Catalog.API.csproj", "{1EF652B7-69FB-4516-89F7-C41B643E2B27}"
EndProject
Project("{2150E333-8FDC-42A3-9474-1A3956D46DE8}") = "BuildingBlocks", "BuildingBlocks", "{34EE89C0-B433-4CE7-BC69-2CC87F20E3B5}"
EndProject
Project("{9A19103F-16F7-4668-BE54-9A1E7A4F7556}") = "BuildingBlocks", "BuildingBlocks\BuildingBlocks\BuildingBlocks.csproj", "{FD9F5310-2750-4092-B703-36107B32FD8D}"
EndProject
Project("{E53339B2-1760-4266-BCC7-CA923CBCF16C}") = "docker-compose", "docker-compose.dcproj", "{FD618C05-F8C7-4109-B0BB-8F76DF191F39}"
EndProject
Global
	GlobalSection(SolutionConfigurationPlatforms) = preSolution
		Debug|Any CPU = Debug|Any CPU
		Release|Any CPU = Release|Any CPU
	EndGlobalSection
	GlobalSection(ProjectConfigurationPlatforms) = postSolution
		{1EF652B7-69FB-4516-89F7-C41B643E2B27}.Debug|Any CPU.ActiveCfg = Debug|Any CPU
		{1EF652B7-69FB-4516-89F7-C41B643E2B27}.Debug|Any CPU.Build.0 = Debug|Any CPU
		{1EF652B7-69FB-4516-89F7-C41B643E2B27}.Release|Any CPU.ActiveCfg = Release|Any CPU
		{1EF652B7-69FB-4516-89F7-C41B643E2B27}.Release|Any CPU.Build.0 = Release|Any CPU
		{FD9F5310-2750-4092-B703-36107B32FD8D}.Debug|Any CPU.ActiveCfg = Debug|Any CPU
		{FD9F5310-2750-4092-B703-36107B32FD8D}.Debug|Any CPU.Build.0 = Debug|Any CPU
		{FD9F5310-2750-4092-B703-36107B32FD8D}.Release|Any CPU.ActiveCfg = Release|Any CPU
		{FD9F5310-2750-4092-B703-36107B32FD8D}.Release|Any CPU.Build.0 = Release|Any CPU
		{FD618C05-F8C7-4109-B0BB-8F76DF191F39}.Debug|Any CPU.ActiveCfg = Debug|Any CPU
		{FD618C05-F8C7-4109-B0BB-8F76DF191F39}.Debug|Any CPU.Build.0 = Debug|Any CPU
		{FD618C05-F8C7-4109-B0BB-8F76DF191F39}.Release|Any CPU.ActiveCfg = Release|Any CPU
		{FD618C05-F8C7-4109-B0BB-8F76DF191F39}.Release|Any CPU.Build.0 = Release|Any CPU
	EndGlobalSection
	GlobalSection(SolutionProperties) = preSolution
		HideSolutionNode = FALSE
	EndGlobalSection
	GlobalSection(NestedProjects) = preSolution
		{0DCFA09F-210A-45FF-A25C-D49AFD192C7F} = {76434688-7B10-47FF-8DA0-9F2C047B9C18}
		{1EF652B7-69FB-4516-89F7-C41B643E2B27} = {0DCFA09F-210A-45FF-A25C-D49AFD192C7F}
		{FD9F5310-2750-4092-B703-36107B32FD8D} = {34EE89C0-B433-4CE7-BC69-2CC87F20E3B5}
	EndGlobalSection
	GlobalSection(ExtensibilityGlobals) = postSolution
		SolutionGuid = {1690FFDD-4DB8-4524-A3B8-06344092E692}
	EndGlobalSection
EndGlobal
